
Microsoft Visual Studio Solution File, Format Version 12.00
# Visual Studio 15
VisualStudioVersion = 15.0.27703.2042
MinimumVisualStudioVersion = 10.0.40219.1
Project("{FAE04EC0-301F-11D3-BF4B-00C04F79EFBC}") = "ParseUserLog", "ParseUserLog\ParseUserLog.csproj", "{AD839431-85E0-4F84-A362-4B33C6C69532}"
EndProject
Global
	GlobalSection(SolutionConfigurationPlatforms) = preSolution
		Debug|Any CPU = Debug|Any CPU
		Release|Any CPU = Release|Any CPU
	EndGlobalSection
	GlobalSection(ProjectConfigurationPlatforms) = postSolution
		{AD839431-85E0-4F84-A362-4B33C6C69532}.Debug|Any CPU.ActiveCfg = Debug|Any CPU
		{AD839431-85E0-4F84-A362-4B33C6C69532}.Debug|Any CPU.Build.0 = Debug|Any CPU
		{AD839431-85E0-4F84-A362-4B33C6C69532}.Release|Any CPU.ActiveCfg = Release|Any CPU
		{AD839431-85E0-4F84-A362-4B33C6C69532}.Release|Any CPU.Build.0 = Release|Any CPU
	EndGlobalSection
	GlobalSection(SolutionProperties) = preSolution
		HideSolutionNode = FALSE
	EndGlobalSection
	GlobalSection(ExtensibilityGlobals) = postSolution
		SolutionGuid = {5E05F337-6E0C-428E-9CD2-B4EA071E66F8}
	EndGlobalSection
EndGlobal
